
Microsoft Visual Studio Solution File, Format Version 12.00
Project("{FAE04EC0-301F-11D3-BF4B-00C04F79EFBC}") = "CodeCrate.Server", "CodeCrate\Server\CodeCrate.Server.csproj", "{757A60B1-ED53-4B21-8110-C4839AC2427A}"
EndProject
Project("{FAE04EC0-301F-11D3-BF4B-00C04F79EFBC}") = "CodeCrate.Client", "CodeCrate\Client\CodeCrate.Client.csproj", "{91EB4E88-321A-491B-AE71-C5711E8A0171}"
EndProject
Project("{FAE04EC0-301F-11D3-BF4B-00C04F79EFBC}") = "CodeCrate.Shared", "CodeCrate\Shared\CodeCrate.Shared.csproj", "{A3E4F346-B2D3-4CB6-B1A4-0F3B6EF33B36}"
EndProject
Global
	GlobalSection(SolutionConfigurationPlatforms) = preSolution
		Debug|Any CPU = Debug|Any CPU
		Release|Any CPU = Release|Any CPU
	EndGlobalSection
	GlobalSection(ProjectConfigurationPlatforms) = postSolution
		{757A60B1-ED53-4B21-8110-C4839AC2427A}.Debug|Any CPU.ActiveCfg = Debug|Any CPU
		{757A60B1-ED53-4B21-8110-C4839AC2427A}.Debug|Any CPU.Build.0 = Debug|Any CPU
		{757A60B1-ED53-4B21-8110-C4839AC2427A}.Release|Any CPU.ActiveCfg = Release|Any CPU
		{757A60B1-ED53-4B21-8110-C4839AC2427A}.Release|Any CPU.Build.0 = Release|Any CPU
		{91EB4E88-321A-491B-AE71-C5711E8A0171}.Debug|Any CPU.ActiveCfg = Debug|Any CPU
		{91EB4E88-321A-491B-AE71-C5711E8A0171}.Debug|Any CPU.Build.0 = Debug|Any CPU
		{91EB4E88-321A-491B-AE71-C5711E8A0171}.Release|Any CPU.ActiveCfg = Release|Any CPU
		{91EB4E88-321A-491B-AE71-C5711E8A0171}.Release|Any CPU.Build.0 = Release|Any CPU
		{A3E4F346-B2D3-4CB6-B1A4-0F3B6EF33B36}.Debug|Any CPU.ActiveCfg = Debug|Any CPU
		{A3E4F346-B2D3-4CB6-B1A4-0F3B6EF33B36}.Debug|Any CPU.Build.0 = Debug|Any CPU
		{A3E4F346-B2D3-4CB6-B1A4-0F3B6EF33B36}.Release|Any CPU.ActiveCfg = Release|Any CPU
		{A3E4F346-B2D3-4CB6-B1A4-0F3B6EF33B36}.Release|Any CPU.Build.0 = Release|Any CPU
	EndGlobalSection
EndGlobal
